
Microsoft Visual Studio Solution File, Format Version 12.00
# Visual Studio Version 17
VisualStudioVersion = 17.7.33808.371
MinimumVisualStudioVersion = 10.0.40219.1
Project("{FAE04EC0-301F-11D3-BF4B-00C04F79EFBC}") = "JobsQueueExample", "JobsQueueExample\JobsQueueExample.csproj", "{B8B0BB9C-A75C-48A5-9722-F0A3DAE22025}"
EndProject
Global
	GlobalSection(SolutionConfigurationPlatforms) = preSolution
		Debug|Any CPU = Debug|Any CPU
		Release|Any CPU = Release|Any CPU
	EndGlobalSection
	GlobalSection(ProjectConfigurationPlatforms) = postSolution
		{B8B0BB9C-A75C-48A5-9722-F0A3DAE22025}.Debug|Any CPU.ActiveCfg = Debug|Any CPU
		{B8B0BB9C-A75C-48A5-9722-F0A3DAE22025}.Debug|Any CPU.Build.0 = Debug|Any CPU
		{B8B0BB9C-A75C-48A5-9722-F0A3DAE22025}.Release|Any CPU.ActiveCfg = Release|Any CPU
		{B8B0BB9C-A75C-48A5-9722-F0A3DAE22025}.Release|Any CPU.Build.0 = Release|Any CPU
	EndGlobalSection
	GlobalSection(SolutionProperties) = preSolution
		HideSolutionNode = FALSE
	EndGlobalSection
	GlobalSection(ExtensibilityGlobals) = postSolution
		SolutionGuid = {60F66D49-BE92-4339-BDD4-227995BACA8C}
	EndGlobalSection
EndGlobal
